
Microsoft Visual Studio Solution File, Format Version 12.00
# Visual Studio Version 16
VisualStudioVersion = 16.0.31005.135
MinimumVisualStudioVersion = 10.0.40219.1
Project("{8BC9CEB8-8B4A-11D0-8D11-00A0C91BC942}") = "03.19", "03.19.vcxproj", "{042DF447-80E9-442B-87A9-0F11FF5E7B8F}"
EndProject
Global
	GlobalSection(SolutionConfigurationPlatforms) = preSolution
		Debug|x64 = Debug|x64
		Debug|x86 = Debug|x86
		Release|x64 = Release|x64
		Release|x86 = Release|x86
	EndGlobalSection
	GlobalSection(ProjectConfigurationPlatforms) = postSolution
		{042DF447-80E9-442B-87A9-0F11FF5E7B8F}.Debug|x64.ActiveCfg = Debug|x64
		{042DF447-80E9-442B-87A9-0F11FF5E7B8F}.Debug|x64.Build.0 = Debug|x64
		{042DF447-80E9-442B-87A9-0F11FF5E7B8F}.Debug|x86.ActiveCfg = Debug|Win32
		{042DF447-80E9-442B-87A9-0F11FF5E7B8F}.Debug|x86.Build.0 = Debug|Win32
		{042DF447-80E9-442B-87A9-0F11FF5E7B8F}.Release|x64.ActiveCfg = Release|x64
		{042DF447-80E9-442B-87A9-0F11FF5E7B8F}.Release|x64.Build.0 = Release|x64
		{042DF447-80E9-442B-87A9-0F11FF5E7B8F}.Release|x86.ActiveCfg = Release|Win32
		{042DF447-80E9-442B-87A9-0F11FF5E7B8F}.Release|x86.Build.0 = Release|Win32
	EndGlobalSection
	GlobalSection(SolutionProperties) = preSolution
		HideSolutionNode = FALSE
	EndGlobalSection
	GlobalSection(ExtensibilityGlobals) = postSolution
		SolutionGuid = {EAB08BE5-8476-423F-B30B-5BECB8C0331E}
	EndGlobalSection
EndGlobal
